
Microsoft Visual Studio Solution File, Format Version 12.00
# Visual Studio Version 17
VisualStudioVersion = 17.7.34221.43
MinimumVisualStudioVersion = 10.0.40219.1
Project("{FAE04EC0-301F-11D3-BF4B-00C04F79EFBC}") = "backend", "backend\backend.csproj", "{716CDE50-2C21-4EAC-9C44-0F4FFA9013FE}"
EndProject
Global
	GlobalSection(SolutionConfigurationPlatforms) = preSolution
		Debug|Any CPU = Debug|Any CPU
		Release|Any CPU = Release|Any CPU
	EndGlobalSection
	GlobalSection(ProjectConfigurationPlatforms) = postSolution
		{716CDE50-2C21-4EAC-9C44-0F4FFA9013FE}.Debug|Any CPU.ActiveCfg = Debug|Any CPU
		{716CDE50-2C21-4EAC-9C44-0F4FFA9013FE}.Debug|Any CPU.Build.0 = Debug|Any CPU
		{716CDE50-2C21-4EAC-9C44-0F4FFA9013FE}.Release|Any CPU.ActiveCfg = Release|Any CPU
		{716CDE50-2C21-4EAC-9C44-0F4FFA9013FE}.Release|Any CPU.Build.0 = Release|Any CPU
	EndGlobalSection
	GlobalSection(SolutionProperties) = preSolution
		HideSolutionNode = FALSE
	EndGlobalSection
	GlobalSection(ExtensibilityGlobals) = postSolution
		SolutionGuid = {FB28DBEC-5A1F-418C-BB7F-C2D125552A8E}
	EndGlobalSection
EndGlobal
